{
    "name": "your-app",
    "version": "0.1.0",
    "lockfileVersion": 1,
    "requires": true,
    "dependencies": {
        "node-machine-id": {
            "version": "1.1.10",
            "resolved": "https://registry.npmjs.org/node-machine-id/-/node-machine-id-1.1.10.tgz",
            "integrity": "sha512-6SVxo3Ic2Qc09z1rCJh3No7ubizPLszImsMQnZZWfzeOC6SYU4orN214++c3ikB8uaP/A6dwSlO88A3ohI5oNA=="
        }
    }
}
